
Microsoft Visual Studio Solution File, Format Version 12.00
Project("{FAE04EC0-301F-11D3-BF4B-00C04F79EFBC}") = "Lofi.Prelude", "Lofi.Prelude\Lofi.Prelude.csproj", "{AE7AE30D-8BE9-4CF7-B1FE-BB244FEB98BB}"
EndProject
Project("{FAE04EC0-301F-11D3-BF4B-00C04F79EFBC}") = "Lofi.Supplier", "Lofi.Supplier\Lofi.Supplier.csproj", "{63F15C8C-D10A-49B3-BE90-F002C49AFB7C}"
EndProject
Project("{FAE04EC0-301F-11D3-BF4B-00C04F79EFBC}") = "Lofi.Lang.Stochastic.Process", "Lofi.Lang.Stochastic.Process\Lofi.Lang.Stochastic.Process.csproj", "{74F8BF50-8F45-482E-8CAA-5DF6C97E652E}"
EndProject
Project("{FAE04EC0-301F-11D3-BF4B-00C04F79EFBC}") = "Lofi.Lang.Observable", "Lofi.Lang.Observable\Lofi.Lang.Observable.csproj", "{2D4C8F6D-8A82-4157-97F8-0C794FADE1BB}"
EndProject
Project("{FAE04EC0-301F-11D3-BF4B-00C04F79EFBC}") = "Lofi.Lang.Stochastic.Sample", "Lofi.Lang.Stochastic.Sample\Lofi.Lang.Stochastic.Sample.csproj", "{8EC8714D-601F-467A-AEA3-FD10D5AEA2E4}"
EndProject
Project("{FAE04EC0-301F-11D3-BF4B-00C04F79EFBC}") = "Lofi.Lang.Stochastic.Trajectory", "Lofi.Lang.Stochastic.Trajectory\Lofi.Lang.Stochastic.Trajectory.csproj", "{E91E77A5-BCDE-4935-B569-A01C3F822E82}"
EndProject
Project("{FAE04EC0-301F-11D3-BF4B-00C04F79EFBC}") = "Lofi.Lang.Observable.Event.Tests", "Lofi.Lang.Observable.Event.Tests\Lofi.Lang.Observable.Event.Tests.csproj", "{11A3DCDC-23DD-4C2D-A8A6-AD434C29DA9F}"
EndProject
Project("{FAE04EC0-301F-11D3-BF4B-00C04F79EFBC}") = "Lofi.Lang.Observable.EventSet.Tests", "Lofi.Lang.Observable.EventSet.Tests\Lofi.Lang.Observable.EventSet.Tests.csproj", "{886A13AF-1D91-4A88-964D-D57755CAF2D9}"
EndProject
Project("{FAE04EC0-301F-11D3-BF4B-00C04F79EFBC}") = "Lofi.Lang.Observable.Temporal.Tests", "Lofi.Lang.Observable.Temporal.Tests\Lofi.Lang.Observable.Temporal.Tests.csproj", "{98E5EFD9-85EB-496A-8AF2-88DB1A1964AB}"
EndProject
Project("{FAE04EC0-301F-11D3-BF4B-00C04F79EFBC}") = "Lofi.Lang.Stochastic.Process.Tests", "Lofi.Lang.Stochastic.Process.Tests\Lofi.Lang.Stochastic.Process.Tests.csproj", "{AB997854-30A7-4F81-9DD8-3C784392A203}"
EndProject
Project("{FAE04EC0-301F-11D3-BF4B-00C04F79EFBC}") = "Lofi.Lang.Stochastic.Sample.Tests", "Lofi.Lang.Stochastic.Sample.Tests\Lofi.Lang.Stochastic.Sample.Tests.csproj", "{520050CC-EFEA-4F6F-B60B-EC3ACF1C34A3}"
EndProject
Project("{FAE04EC0-301F-11D3-BF4B-00C04F79EFBC}") = "Lofi.Lang.Stochastic.Trajectory.Tests", "Lofi.Lang.Stochastic.Trajectory.Tests\Lofi.Lang.Stochastic.Trajectory.Tests.csproj", "{5BCECC66-08D4-42CF-838A-3CACA2AE98E9}"
EndProject
Project("{FAE04EC0-301F-11D3-BF4B-00C04F79EFBC}") = "Lofi.Prelude.Tests", "Lofi.Prelude.Tests\Lofi.Prelude.Tests.csproj", "{9FCEE20B-342B-44E8-B975-BD5F8DB55B99}"
EndProject
Project("{FAE04EC0-301F-11D3-BF4B-00C04F79EFBC}") = "Lofi.Supplier.Tests", "Lofi.Supplier.Tests\Lofi.Supplier.Tests.csproj", "{CD78F682-DD38-4CB1-A01A-FDC424ECDD60}"
EndProject
Global
	GlobalSection(SolutionConfigurationPlatforms) = preSolution
		Debug|Any CPU = Debug|Any CPU
		Release|Any CPU = Release|Any CPU
	EndGlobalSection
	GlobalSection(ProjectConfigurationPlatforms) = postSolution
		{AE7AE30D-8BE9-4CF7-B1FE-BB244FEB98BB}.Debug|Any CPU.ActiveCfg = Debug|Any CPU
		{AE7AE30D-8BE9-4CF7-B1FE-BB244FEB98BB}.Debug|Any CPU.Build.0 = Debug|Any CPU
		{AE7AE30D-8BE9-4CF7-B1FE-BB244FEB98BB}.Release|Any CPU.ActiveCfg = Release|Any CPU
		{AE7AE30D-8BE9-4CF7-B1FE-BB244FEB98BB}.Release|Any CPU.Build.0 = Release|Any CPU
		{63F15C8C-D10A-49B3-BE90-F002C49AFB7C}.Debug|Any CPU.ActiveCfg = Debug|Any CPU
		{63F15C8C-D10A-49B3-BE90-F002C49AFB7C}.Debug|Any CPU.Build.0 = Debug|Any CPU
		{63F15C8C-D10A-49B3-BE90-F002C49AFB7C}.Release|Any CPU.ActiveCfg = Release|Any CPU
		{63F15C8C-D10A-49B3-BE90-F002C49AFB7C}.Release|Any CPU.Build.0 = Release|Any CPU
		{74F8BF50-8F45-482E-8CAA-5DF6C97E652E}.Debug|Any CPU.ActiveCfg = Debug|Any CPU
		{74F8BF50-8F45-482E-8CAA-5DF6C97E652E}.Debug|Any CPU.Build.0 = Debug|Any CPU
		{74F8BF50-8F45-482E-8CAA-5DF6C97E652E}.Release|Any CPU.ActiveCfg = Release|Any CPU
		{74F8BF50-8F45-482E-8CAA-5DF6C97E652E}.Release|Any CPU.Build.0 = Release|Any CPU
		{2D4C8F6D-8A82-4157-97F8-0C794FADE1BB}.Debug|Any CPU.ActiveCfg = Debug|Any CPU
		{2D4C8F6D-8A82-4157-97F8-0C794FADE1BB}.Debug|Any CPU.Build.0 = Debug|Any CPU
		{2D4C8F6D-8A82-4157-97F8-0C794FADE1BB}.Release|Any CPU.ActiveCfg = Release|Any CPU
		{2D4C8F6D-8A82-4157-97F8-0C794FADE1BB}.Release|Any CPU.Build.0 = Release|Any CPU
		{8EC8714D-601F-467A-AEA3-FD10D5AEA2E4}.Debug|Any CPU.ActiveCfg = Debug|Any CPU
		{8EC8714D-601F-467A-AEA3-FD10D5AEA2E4}.Debug|Any CPU.Build.0 = Debug|Any CPU
		{8EC8714D-601F-467A-AEA3-FD10D5AEA2E4}.Release|Any CPU.ActiveCfg = Release|Any CPU
		{8EC8714D-601F-467A-AEA3-FD10D5AEA2E4}.Release|Any CPU.Build.0 = Release|Any CPU
		{E91E77A5-BCDE-4935-B569-A01C3F822E82}.Debug|Any CPU.ActiveCfg = Debug|Any CPU
		{E91E77A5-BCDE-4935-B569-A01C3F822E82}.Debug|Any CPU.Build.0 = Debug|Any CPU
		{E91E77A5-BCDE-4935-B569-A01C3F822E82}.Release|Any CPU.ActiveCfg = Release|Any CPU
		{E91E77A5-BCDE-4935-B569-A01C3F822E82}.Release|Any CPU.Build.0 = Release|Any CPU
		{11A3DCDC-23DD-4C2D-A8A6-AD434C29DA9F}.Debug|Any CPU.ActiveCfg = Debug|Any CPU
		{11A3DCDC-23DD-4C2D-A8A6-AD434C29DA9F}.Debug|Any CPU.Build.0 = Debug|Any CPU
		{11A3DCDC-23DD-4C2D-A8A6-AD434C29DA9F}.Release|Any CPU.ActiveCfg = Release|Any CPU
		{11A3DCDC-23DD-4C2D-A8A6-AD434C29DA9F}.Release|Any CPU.Build.0 = Release|Any CPU
		{886A13AF-1D91-4A88-964D-D57755CAF2D9}.Debug|Any CPU.ActiveCfg = Debug|Any CPU
		{886A13AF-1D91-4A88-964D-D57755CAF2D9}.Debug|Any CPU.Build.0 = Debug|Any CPU
		{886A13AF-1D91-4A88-964D-D57755CAF2D9}.Release|Any CPU.ActiveCfg = Release|Any CPU
		{886A13AF-1D91-4A88-964D-D57755CAF2D9}.Release|Any CPU.Build.0 = Release|Any CPU
		{98E5EFD9-85EB-496A-8AF2-88DB1A1964AB}.Debug|Any CPU.ActiveCfg = Debug|Any CPU
		{98E5EFD9-85EB-496A-8AF2-88DB1A1964AB}.Debug|Any CPU.Build.0 = Debug|Any CPU
		{98E5EFD9-85EB-496A-8AF2-88DB1A1964AB}.Release|Any CPU.ActiveCfg = Release|Any CPU
		{98E5EFD9-85EB-496A-8AF2-88DB1A1964AB}.Release|Any CPU.Build.0 = Release|Any CPU
		{AB997854-30A7-4F81-9DD8-3C784392A203}.Debug|Any CPU.ActiveCfg = Debug|Any CPU
		{AB997854-30A7-4F81-9DD8-3C784392A203}.Debug|Any CPU.Build.0 = Debug|Any CPU
		{AB997854-30A7-4F81-9DD8-3C784392A203}.Release|Any CPU.ActiveCfg = Release|Any CPU
		{AB997854-30A7-4F81-9DD8-3C784392A203}.Release|Any CPU.Build.0 = Release|Any CPU
		{520050CC-EFEA-4F6F-B60B-EC3ACF1C34A3}.Debug|Any CPU.ActiveCfg = Debug|Any CPU
		{520050CC-EFEA-4F6F-B60B-EC3ACF1C34A3}.Debug|Any CPU.Build.0 = Debug|Any CPU
		{520050CC-EFEA-4F6F-B60B-EC3ACF1C34A3}.Release|Any CPU.ActiveCfg = Release|Any CPU
		{520050CC-EFEA-4F6F-B60B-EC3ACF1C34A3}.Release|Any CPU.Build.0 = Release|Any CPU
		{5BCECC66-08D4-42CF-838A-3CACA2AE98E9}.Debug|Any CPU.ActiveCfg = Debug|Any CPU
		{5BCECC66-08D4-42CF-838A-3CACA2AE98E9}.Debug|Any CPU.Build.0 = Debug|Any CPU
		{5BCECC66-08D4-42CF-838A-3CACA2AE98E9}.Release|Any CPU.ActiveCfg = Release|Any CPU
		{5BCECC66-08D4-42CF-838A-3CACA2AE98E9}.Release|Any CPU.Build.0 = Release|Any CPU
		{9FCEE20B-342B-44E8-B975-BD5F8DB55B99}.Debug|Any CPU.ActiveCfg = Debug|Any CPU
		{9FCEE20B-342B-44E8-B975-BD5F8DB55B99}.Debug|Any CPU.Build.0 = Debug|Any CPU
		{9FCEE20B-342B-44E8-B975-BD5F8DB55B99}.Release|Any CPU.ActiveCfg = Release|Any CPU
		{9FCEE20B-342B-44E8-B975-BD5F8DB55B99}.Release|Any CPU.Build.0 = Release|Any CPU
		{CD78F682-DD38-4CB1-A01A-FDC424ECDD60}.Debug|Any CPU.ActiveCfg = Debug|Any CPU
		{CD78F682-DD38-4CB1-A01A-FDC424ECDD60}.Debug|Any CPU.Build.0 = Debug|Any CPU
		{CD78F682-DD38-4CB1-A01A-FDC424ECDD60}.Release|Any CPU.ActiveCfg = Release|Any CPU
		{CD78F682-DD38-4CB1-A01A-FDC424ECDD60}.Release|Any CPU.Build.0 = Release|Any CPU
	EndGlobalSection
EndGlobal
